DEPENDENCIES
  ark (~> 3.1.0)
  build-essential (~> 8.0.3)
  homebrew (~> 4.2.0)
  jboss7
    path: .
    metadata: true
  seven_zip (~> 2.0.2)
  windows (~> 3.3.0)

GRAPH
  apt (6.1.4)
  ark (3.1.0)
    build-essential (>= 0.0.0)
    seven_zip (>= 0.0.0)
    windows (>= 0.0.0)
  build-essential (8.0.3)
    mingw (>= 1.1)
    seven_zip (>= 0.0.0)
  homebrew (4.2.0)
  java (1.50.0)
    apt (>= 0.0.0)
    homebrew (>= 0.0.0)
    windows (>= 0.0.0)
  jboss7 (0.11.2)
    apt (>= 0.0.0)
    ark (>= 0.0.0)
    java (>= 0.0.0)
  mingw (2.0.1)
    seven_zip (>= 0.0.0)
  ohai (5.2.0)
  seven_zip (2.0.2)
    windows (>= 1.2.2)
  windows (3.3.0)
    ohai (>= 4.0.0)
